
Microsoft Visual Studio Solution File, Format Version 12.00
# Visual Studio 15
VisualStudioVersion = 15.0.26124.0
MinimumVisualStudioVersion = 15.0.26124.0
Project("{FAE04EC0-301F-11D3-BF4B-00C04F79EFBC}") = "R5T.Dimitrios.Maoursi.Construction", "R5T.Dimitrios.Maoursi.Construction\R5T.Dimitrios.Maoursi.Construction.csproj", "{285BFC3E-281F-4FB5-8EFD-C05D7A5A3B6C}"
EndProject
Project("{FAE04EC0-301F-11D3-BF4B-00C04F79EFBC}") = "R5T.Dimitrios.Maoursi", "R5T.Dimitrios.Maoursi\R5T.Dimitrios.Maoursi.csproj", "{84396F7E-7114-4C75-9A9B-B6D7C9487D4A}"
EndProject
Project("{FAE04EC0-301F-11D3-BF4B-00C04F79EFBC}") = "R5T.Dimitrios.Maoursi.Testing", "R5T.Dimitrios.Maoursi.Testing\R5T.Dimitrios.Maoursi.Testing.csproj", "{06CEA582-8E6B-4D23-BB73-7146B35EAAC4}"
EndProject
Global
	GlobalSection(SolutionConfigurationPlatforms) = preSolution
		Debug|Any CPU = Debug|Any CPU
		Debug|x64 = Debug|x64
		Debug|x86 = Debug|x86
		Release|Any CPU = Release|Any CPU
		Release|x64 = Release|x64
		Release|x86 = Release|x86
	EndGlobalSection
	GlobalSection(SolutionProperties) = preSolution
		HideSolutionNode = FALSE
	EndGlobalSection
	GlobalSection(ProjectConfigurationPlatforms) = postSolution
		{285BFC3E-281F-4FB5-8EFD-C05D7A5A3B6C}.Debug|Any CPU.ActiveCfg = Debug|Any CPU
		{285BFC3E-281F-4FB5-8EFD-C05D7A5A3B6C}.Debug|Any CPU.Build.0 = Debug|Any CPU
		{285BFC3E-281F-4FB5-8EFD-C05D7A5A3B6C}.Debug|x64.ActiveCfg = Debug|Any CPU
		{285BFC3E-281F-4FB5-8EFD-C05D7A5A3B6C}.Debug|x64.Build.0 = Debug|Any CPU
		{285BFC3E-281F-4FB5-8EFD-C05D7A5A3B6C}.Debug|x86.ActiveCfg = Debug|Any CPU
		{285BFC3E-281F-4FB5-8EFD-C05D7A5A3B6C}.Debug|x86.Build.0 = Debug|Any CPU
		{285BFC3E-281F-4FB5-8EFD-C05D7A5A3B6C}.Release|Any CPU.ActiveCfg = Release|Any CPU
		{285BFC3E-281F-4FB5-8EFD-C05D7A5A3B6C}.Release|Any CPU.Build.0 = Release|Any CPU
		{285BFC3E-281F-4FB5-8EFD-C05D7A5A3B6C}.Release|x64.ActiveCfg = Release|Any CPU
		{285BFC3E-281F-4FB5-8EFD-C05D7A5A3B6C}.Release|x64.Build.0 = Release|Any CPU
		{285BFC3E-281F-4FB5-8EFD-C05D7A5A3B6C}.Release|x86.ActiveCfg = Release|Any CPU
		{285BFC3E-281F-4FB5-8EFD-C05D7A5A3B6C}.Release|x86.Build.0 = Release|Any CPU
		{84396F7E-7114-4C75-9A9B-B6D7C9487D4A}.Debug|Any CPU.ActiveCfg = Debug|Any CPU
		{84396F7E-7114-4C75-9A9B-B6D7C9487D4A}.Debug|Any CPU.Build.0 = Debug|Any CPU
		{84396F7E-7114-4C75-9A9B-B6D7C9487D4A}.Debug|x64.ActiveCfg = Debug|Any CPU
		{84396F7E-7114-4C75-9A9B-B6D7C9487D4A}.Debug|x64.Build.0 = Debug|Any CPU
		{84396F7E-7114-4C75-9A9B-B6D7C9487D4A}.Debug|x86.ActiveCfg = Debug|Any CPU
		{84396F7E-7114-4C75-9A9B-B6D7C9487D4A}.Debug|x86.Build.0 = Debug|Any CPU
		{84396F7E-7114-4C75-9A9B-B6D7C9487D4A}.Release|Any CPU.ActiveCfg = Release|Any CPU
		{84396F7E-7114-4C75-9A9B-B6D7C9487D4A}.Release|Any CPU.Build.0 = Release|Any CPU
		{84396F7E-7114-4C75-9A9B-B6D7C9487D4A}.Release|x64.ActiveCfg = Release|Any CPU
		{84396F7E-7114-4C75-9A9B-B6D7C9487D4A}.Release|x64.Build.0 = Release|Any CPU
		{84396F7E-7114-4C75-9A9B-B6D7C9487D4A}.Release|x86.ActiveCfg = Release|Any CPU
		{84396F7E-7114-4C75-9A9B-B6D7C9487D4A}.Release|x86.Build.0 = Release|Any CPU
		{06CEA582-8E6B-4D23-BB73-7146B35EAAC4}.Debug|Any CPU.ActiveCfg = Debug|Any CPU
		{06CEA582-8E6B-4D23-BB73-7146B35EAAC4}.Debug|Any CPU.Build.0 = Debug|Any CPU
		{06CEA582-8E6B-4D23-BB73-7146B35EAAC4}.Debug|x64.ActiveCfg = Debug|Any CPU
		{06CEA582-8E6B-4D23-BB73-7146B35EAAC4}.Debug|x64.Build.0 = Debug|Any CPU
		{06CEA582-8E6B-4D23-BB73-7146B35EAAC4}.Debug|x86.ActiveCfg = Debug|Any CPU
		{06CEA582-8E6B-4D23-BB73-7146B35EAAC4}.Debug|x86.Build.0 = Debug|Any CPU
		{06CEA582-8E6B-4D23-BB73-7146B35EAAC4}.Release|Any CPU.ActiveCfg = Release|Any CPU
		{06CEA582-8E6B-4D23-BB73-7146B35EAAC4}.Release|Any CPU.Build.0 = Release|Any CPU
		{06CEA582-8E6B-4D23-BB73-7146B35EAAC4}.Release|x64.ActiveCfg = Release|Any CPU
		{06CEA582-8E6B-4D23-BB73-7146B35EAAC4}.Release|x64.Build.0 = Release|Any CPU
		{06CEA582-8E6B-4D23-BB73-7146B35EAAC4}.Release|x86.ActiveCfg = Release|Any CPU
		{06CEA582-8E6B-4D23-BB73-7146B35EAAC4}.Release|x86.Build.0 = Release|Any CPU
	EndGlobalSection
EndGlobal
